
Microsoft Visual Studio Solution File, Format Version 12.00
# Visual Studio Version 16
VisualStudioVersion = 16.0.31624.102
MinimumVisualStudioVersion = 10.0.40219.1
Project("{FAE04EC0-301F-11D3-BF4B-00C04F79EFBC}") = "EFCoreMario", "EFCoreMario\EFCoreMario.csproj", "{53B119A8-11B1-44F6-80C4-F53D9F32009E}"
EndProject
Global
	GlobalSection(SolutionConfigurationPlatforms) = preSolution
		Debug|Any CPU = Debug|Any CPU
		Release|Any CPU = Release|Any CPU
	EndGlobalSection
	GlobalSection(ProjectConfigurationPlatforms) = postSolution
		{53B119A8-11B1-44F6-80C4-F53D9F32009E}.Debug|Any CPU.ActiveCfg = Debug|Any CPU
		{53B119A8-11B1-44F6-80C4-F53D9F32009E}.Debug|Any CPU.Build.0 = Debug|Any CPU
		{53B119A8-11B1-44F6-80C4-F53D9F32009E}.Release|Any CPU.ActiveCfg = Release|Any CPU
		{53B119A8-11B1-44F6-80C4-F53D9F32009E}.Release|Any CPU.Build.0 = Release|Any CPU
	EndGlobalSection
	GlobalSection(SolutionProperties) = preSolution
		HideSolutionNode = FALSE
	EndGlobalSection
	GlobalSection(ExtensibilityGlobals) = postSolution
		SolutionGuid = {A30BFBF2-020C-435E-BB0C-9B8B39BEA48F}
	EndGlobalSection
EndGlobal
